
Microsoft Visual Studio Solution File, Format Version 12.00
# Visual Studio Version 17
VisualStudioVersion = 17.6.33815.320
MinimumVisualStudioVersion = 10.0.40219.1
Project("{9A19103F-16F7-4668-BE54-9A1E7A4F7556}") = "NonFollowersAPI", "NonFollowersAPI.csproj", "{4AB615C0-15A7-4444-A0C6-D2ECDD0954FE}"
EndProject
Global
	GlobalSection(SolutionConfigurationPlatforms) = preSolution
		Debug|Any CPU = Debug|Any CPU
		Release|Any CPU = Release|Any CPU
	EndGlobalSection
	GlobalSection(ProjectConfigurationPlatforms) = postSolution
		{4AB615C0-15A7-4444-A0C6-D2ECDD0954FE}.Debug|Any CPU.ActiveCfg = Debug|Any CPU
		{4AB615C0-15A7-4444-A0C6-D2ECDD0954FE}.Debug|Any CPU.Build.0 = Debug|Any CPU
		{4AB615C0-15A7-4444-A0C6-D2ECDD0954FE}.Release|Any CPU.ActiveCfg = Release|Any CPU
		{4AB615C0-15A7-4444-A0C6-D2ECDD0954FE}.Release|Any CPU.Build.0 = Release|Any CPU
	EndGlobalSection
	GlobalSection(SolutionProperties) = preSolution
		HideSolutionNode = FALSE
	EndGlobalSection
	GlobalSection(ExtensibilityGlobals) = postSolution
		SolutionGuid = {D5101E29-6D7A-4689-A129-B721032D6635}
	EndGlobalSection
EndGlobal
